{
  "version": 4,
  "terraform_version": "1.4.2",
  "serial": 4,
  "lineage": "3b72ed92-fd40-a18a-b7eb-8fb1f3c05b53",
  "outputs": {},
  "resources": [
    {
      "module": "module.oicd",
      "mode": "managed",
      "type": "aws_iam_openid_connect_provider",
      "name": "github",
      "provider": "module.oicd.provider[\"registry.terraform.io/hashicorp/aws\"]",
      "instances": [
        {
          "schema_version": 0,
          "attributes": {
            "arn": "arn:aws:iam::059134021762:oidc-provider/token.actions.githubusercontent.com",
            "client_id_list": [
              "sts.amazonaws.com"
            ],
            "id": "arn:aws:iam::059134021762:oidc-provider/token.actions.githubusercontent.com",
            "tags": null,
            "tags_all": {},
            "thumbprint_list": [
              "6938fd4d98bab03faadb97b34396831e3780aea1"
            ],
            "url": "token.actions.githubusercontent.com"
          },
          "sensitive_attributes": [],
          "private": "bnVsbA=="
        }
      ]
    },
    {
      "module": "module.oicd",
      "mode": "managed",
      "type": "aws_iam_role",
      "name": "github_oidc_role",
      "provider": "module.oicd.provider[\"registry.terraform.io/hashicorp/aws\"]",
      "instances": [
        {
          "schema_version": 0,
          "attributes": {
            "arn": "arn:aws:iam::059134021762:role/github-actions-oidc-role",
            "assume_role_policy": "{\"Statement\":[{\"Action\":\"sts:AssumeRoleWithWebIdentity\",\"Condition\":{\"StringEquals\":{\"token.actions.githubusercontent.com:aud\":\"sts.amazonaws.com\",\"token.actions.githubusercontent.com:sub\":\"BethanyCDW/ocidtest/tree/main\"}},\"Effect\":\"Allow\",\"Principal\":{\"Federated\":\"arn:aws:iam::059134021762:oidc-provider/token.actions.githubusercontent.com\"}}],\"Version\":\"2012-10-17\"}",
            "create_date": "2025-07-13T18:17:37Z",
            "description": "",
            "force_detach_policies": false,
            "id": "github-actions-oidc-role",
            "inline_policy": [],
            "managed_policy_arns": [],
            "max_session_duration": 3600,
            "name": "github-actions-oidc-role",
            "name_prefix": "",
            "path": "/",
            "permissions_boundary": "",
            "tags": {
              "Name": "GitHubActionsOIDC"
            },
            "tags_all": {
              "Name": "GitHubActionsOIDC"
            },
            "unique_id": "AROAQ3RFJSCBB2S72UGIW"
          },
          "sensitive_attributes": [],
          "private": "bnVsbA==",
          "dependencies": [
            "module.oicd.aws_iam_openid_connect_provider.github"
          ]
        }
      ]
    },
    {
      "module": "module.oicd",
      "mode": "managed",
      "type": "aws_iam_role_policy_attachment",
      "name": "github_oidc_role_attach",
      "provider": "module.oicd.provider[\"registry.terraform.io/hashicorp/aws\"]",
      "instances": [
        {
          "schema_version": 0,
          "attributes": {
            "id": "github-actions-oidc-role/arn:aws:iam::aws:policy/AdministratorAccess",
            "policy_arn": "arn:aws:iam::aws:policy/AdministratorAccess",
            "role": "github-actions-oidc-role"
          },
          "sensitive_attributes": [],
          "private": "bnVsbA==",
          "dependencies": [
            "module.oicd.aws_iam_openid_connect_provider.github",
            "module.oicd.aws_iam_role.github_oidc_role"
          ]
        }
      ]
    }
  ],
  "check_results": null
}
